
Microsoft Visual Studio Solution File, Format Version 12.00
# Visual Studio Version 16
VisualStudioVersion = 16.0.808.7
MinimumVisualStudioVersion = 10.0.40219.1
Project("{FAE04EC0-301F-11D3-BF4B-00C04F79EFBC}") = "belajarBlazor", "belajarBlazor\belajarBlazor.csproj", "{D46B15B9-CCA3-417E-A45E-A19DECF6F326}"
EndProject
Global
	GlobalSection(SolutionConfigurationPlatforms) = preSolution
		Debug|Any CPU = Debug|Any CPU
		Release|Any CPU = Release|Any CPU
	EndGlobalSection
	GlobalSection(ProjectConfigurationPlatforms) = postSolution
		{D46B15B9-CCA3-417E-A45E-A19DECF6F326}.Debug|Any CPU.ActiveCfg = Debug|Any CPU
		{D46B15B9-CCA3-417E-A45E-A19DECF6F326}.Debug|Any CPU.Build.0 = Debug|Any CPU
		{D46B15B9-CCA3-417E-A45E-A19DECF6F326}.Release|Any CPU.ActiveCfg = Release|Any CPU
		{D46B15B9-CCA3-417E-A45E-A19DECF6F326}.Release|Any CPU.Build.0 = Release|Any CPU
	EndGlobalSection
	GlobalSection(SolutionProperties) = preSolution
		HideSolutionNode = FALSE
	EndGlobalSection
	GlobalSection(ExtensibilityGlobals) = postSolution
		SolutionGuid = {22FB89C4-F2D9-4BF1-8D71-2046B4834E72}
	EndGlobalSection
EndGlobal
